// !$*UTF8*$!
{
	archiveVersion = 1;
	classes = {
	};
	objectVersion = 45;
	objects = {

/* Begin PBXBuildFile section */
		1D3623260D0F684500981E51 /* RMineAppDelegate.m in Sources */ = {isa = PBXBuildFile; fileRef = 1D3623250D0F684500981E51 /* RMineAppDelegate.m */; };
		1D60589B0D05DD56006BFB54 /* main.m in Sources */ = {isa = PBXBuildFile; fileRef = 29B97316FDCFA39411CA2CEA /* main.m */; };
		1D60589F0D05DD5A006BFB54 /* Foundation.framework in Frameworks */ = {isa = PBXBuildFile; fileRef = 1D30AB110D05D00D00671497 /* Foundation.framework */; };
		1DF5F4E00D08C38300B7A737 /* UIKit.framework in Frameworks */ = {isa = PBXBuildFile; fileRef = 1DF5F4DF0D08C38300B7A737 /* UIKit.framework */; };
		28216C970DB411BC00E5133A /* ActivityUpdatesController.m in Sources */ = {isa = PBXBuildFile; fileRef = 28216C960DB411BC00E5133A /* ActivityUpdatesController.m */; };
		288765080DF74369002DB57D /* CoreGraphics.framework in Frameworks */ = {isa = PBXBuildFile; fileRef = 288765070DF74369002DB57D /* CoreGraphics.framework */; };
		CF2C142C10F8043B00B5E07F /* IssuesTabCell.m in Sources */ = {isa = PBXBuildFile; fileRef = CF2C142B10F8043B00B5E07F /* IssuesTabCell.m */; };
		CF2C143110F8044B00B5E07F /* IssuesTabCell.xib in Resources */ = {isa = PBXBuildFile; fileRef = CF2C143010F8044B00B5E07F /* IssuesTabCell.xib */; };
		CF53877110F415CF00048294 /* ActivityUpdate.m in Sources */ = {isa = PBXBuildFile; fileRef = CF53876E10F415CF00048294 /* ActivityUpdate.m */; };
		CF53877210F415CF00048294 /* Issue.m in Sources */ = {isa = PBXBuildFile; fileRef = CF53877010F415CF00048294 /* Issue.m */; };
		CF53887210F43ADD00048294 /* ActivityTableCell.m in Sources */ = {isa = PBXBuildFile; fileRef = CF53887110F43ADD00048294 /* ActivityTableCell.m */; };
		CF53887410F43C3900048294 /* ActivityTableCell.xib in Resources */ = {isa = PBXBuildFile; fileRef = CF53887310F43C3900048294 /* ActivityTableCell.xib */; };
		CF5388E410F44C4A00048294 /* GravatarLoader.m in Sources */ = {isa = PBXBuildFile; fileRef = CF5388E310F44C4A00048294 /* GravatarLoader.m */; };
		CF5698B41108D2B00063A1A4 /* CXMLDocument_CreationExtensions.m in Sources */ = {isa = PBXBuildFile; fileRef = CF56988E1108D2B00063A1A4 /* CXMLDocument_CreationExtensions.m */; };
		CF5698B51108D2B00063A1A4 /* CXMLNode_CreationExtensions.m in Sources */ = {isa = PBXBuildFile; fileRef = CF5698901108D2B00063A1A4 /* CXMLNode_CreationExtensions.m */; };
		CF5698B61108D2B00063A1A4 /* CXMLDocument_PrivateExtensions.m in Sources */ = {isa = PBXBuildFile; fileRef = CF5698921108D2B00063A1A4 /* CXMLDocument_PrivateExtensions.m */; };
		CF5698B71108D2B00063A1A4 /* CXMLDocument.m in Sources */ = {isa = PBXBuildFile; fileRef = CF5698941108D2B00063A1A4 /* CXMLDocument.m */; };
		CF5698B81108D2B00063A1A4 /* CXMLElement_CreationExtensions.m in Sources */ = {isa = PBXBuildFile; fileRef = CF5698961108D2B00063A1A4 /* CXMLElement_CreationExtensions.m */; };
		CF5698B91108D2B00063A1A4 /* CXMLElement_ElementTreeExtensions.m in Sources */ = {isa = PBXBuildFile; fileRef = CF5698981108D2B00063A1A4 /* CXMLElement_ElementTreeExtensions.m */; };
		CF5698BA1108D2B00063A1A4 /* CXMLElement.m in Sources */ = {isa = PBXBuildFile; fileRef = CF56989A1108D2B00063A1A4 /* CXMLElement.m */; };
		CF5698BB1108D2B00063A1A4 /* CXMLNode_PrivateExtensions.m in Sources */ = {isa = PBXBuildFile; fileRef = CF56989C1108D2B00063A1A4 /* CXMLNode_PrivateExtensions.m */; };
		CF5698BC1108D2B00063A1A4 /* CXMLNode_XPathExtensions.m in Sources */ = {isa = PBXBuildFile; fileRef = CF56989E1108D2B00063A1A4 /* CXMLNode_XPathExtensions.m */; };
		CF5698BD1108D2B00063A1A4 /* CXMLNode.m in Sources */ = {isa = PBXBuildFile; fileRef = CF5698A01108D2B00063A1A4 /* CXMLNode.m */; };
		CF5698BE1108D2B00063A1A4 /* MREntitiesConverter.m in Sources */ = {isa = PBXBuildFile; fileRef = CF5698A31108D2B00063A1A4 /* MREntitiesConverter.m */; };
		CF5698BF1108D2B00063A1A4 /* NSObject+SBJSON.m in Sources */ = {isa = PBXBuildFile; fileRef = CF5698A51108D2B00063A1A4 /* NSObject+SBJSON.m */; };
		CF5698C01108D2B00063A1A4 /* NSString+SBJSON.m in Sources */ = {isa = PBXBuildFile; fileRef = CF5698A71108D2B00063A1A4 /* NSString+SBJSON.m */; };
		CF5698C11108D2B00063A1A4 /* SBJSON.m in Sources */ = {isa = PBXBuildFile; fileRef = CF5698A91108D2B00063A1A4 /* SBJSON.m */; };
		CF5698C21108D2B00063A1A4 /* SBJsonBase.m in Sources */ = {isa = PBXBuildFile; fileRef = CF5698AB1108D2B00063A1A4 /* SBJsonBase.m */; };
		CF5698C31108D2B00063A1A4 /* SBJsonParser.m in Sources */ = {isa = PBXBuildFile; fileRef = CF5698AD1108D2B00063A1A4 /* SBJsonParser.m */; };
		CF5698C41108D2B00063A1A4 /* SBJsonWriter.m in Sources */ = {isa = PBXBuildFile; fileRef = CF5698AF1108D2B00063A1A4 /* SBJsonWriter.m */; };
		CF5698C51108D2B00063A1A4 /* CTidy.m in Sources */ = {isa = PBXBuildFile; fileRef = CF5698B21108D2B00063A1A4 /* CTidy.m */; };
		CF64ED8510F2B82A00FFFDD2 /* ActivityUpdateTableController.m in Sources */ = {isa = PBXBuildFile; fileRef = CF64ED8410F2B82A00FFFDD2 /* ActivityUpdateTableController.m */; };
		CF84665F10F46F290085A5AE /* IssueController.m in Sources */ = {isa = PBXBuildFile; fileRef = CF84665D10F46F290085A5AE /* IssueController.m */; };
		CF84666010F46F290085A5AE /* IssueController.xib in Resources */ = {isa = PBXBuildFile; fileRef = CF84665E10F46F290085A5AE /* IssueController.xib */; };
		CFA44DC2110A169F009F8551 /* IASKAppSettingsViewController.m in Sources */ = {isa = PBXBuildFile; fileRef = CFA44DA7110A169F009F8551 /* IASKAppSettingsViewController.m */; };
		CFA44DC3110A169F009F8551 /* IASKSpecifierValuesViewController.m in Sources */ = {isa = PBXBuildFile; fileRef = CFA44DA9110A169F009F8551 /* IASKSpecifierValuesViewController.m */; };
		CFA44DC4110A169F009F8551 /* IASKSettingsReader.m in Sources */ = {isa = PBXBuildFile; fileRef = CFA44DAC110A169F009F8551 /* IASKSettingsReader.m */; };
		CFA44DC5110A169F009F8551 /* IASKSpecifier.m in Sources */ = {isa = PBXBuildFile; fileRef = CFA44DAE110A169F009F8551 /* IASKSpecifier.m */; };
		CFA44DC6110A169F009F8551 /* IASKPSSliderSpecifierViewCell.m in Sources */ = {isa = PBXBuildFile; fileRef = CFA44DB1110A169F009F8551 /* IASKPSSliderSpecifierViewCell.m */; };
		CFA44DC7110A169F009F8551 /* IASKPSTextFieldSpecifierViewCell.m in Sources */ = {isa = PBXBuildFile; fileRef = CFA44DB3110A169F009F8551 /* IASKPSTextFieldSpecifierViewCell.m */; };
		CFA44DC8110A169F009F8551 /* IASKPSToggleSwitchSpecifierViewCell.m in Sources */ = {isa = PBXBuildFile; fileRef = CFA44DB5110A169F009F8551 /* IASKPSToggleSwitchSpecifierViewCell.m */; };
		CFA44DC9110A169F009F8551 /* IASKSlider.m in Sources */ = {isa = PBXBuildFile; fileRef = CFA44DB7110A169F009F8551 /* IASKSlider.m */; };
		CFA44DCA110A169F009F8551 /* IASKSwitch.m in Sources */ = {isa = PBXBuildFile; fileRef = CFA44DB9110A169F009F8551 /* IASKSwitch.m */; };
		CFA44DCB110A169F009F8551 /* IASKTextField.m in Sources */ = {isa = PBXBuildFile; fileRef = CFA44DBB110A169F009F8551 /* IASKTextField.m */; };
		CFA44DCC110A169F009F8551 /* IASKAppSettingsView.xib in Resources */ = {isa = PBXBuildFile; fileRef = CFA44DBD110A169F009F8551 /* IASKAppSettingsView.xib */; };
		CFA44DCD110A169F009F8551 /* IASKPSSliderSpecifierViewCell.xib in Resources */ = {isa = PBXBuildFile; fileRef = CFA44DBE110A169F009F8551 /* IASKPSSliderSpecifierViewCell.xib */; };
		CFA44DCE110A169F009F8551 /* IASKPSTextFieldSpecifierViewCell.xib in Resources */ = {isa = PBXBuildFile; fileRef = CFA44DBF110A169F009F8551 /* IASKPSTextFieldSpecifierViewCell.xib */; };
		CFA44DCF110A169F009F8551 /* IASKPSToggleSwitchSpecifierViewCell.xib in Resources */ = {isa = PBXBuildFile; fileRef = CFA44DC0110A169F009F8551 /* IASKPSToggleSwitchSpecifierViewCell.xib */; };
		CFA44DD0110A169F009F8551 /* IASKSpecifierValuesView.xib in Resources */ = {isa = PBXBuildFile; fileRef = CFA44DC1110A169F009F8551 /* IASKSpecifierValuesView.xib */; };
		CFAFD78B10F2E4AC003892C0 /* RMine.xcdatamodel in Sources */ = {isa = PBXBuildFile; fileRef = CFAFD78A10F2E4AC003892C0 /* RMine.xcdatamodel */; };
		CFAFD79E10F2E6EA003892C0 /* RMAPI.m in Sources */ = {isa = PBXBuildFile; fileRef = CFAFD79D10F2E6EA003892C0 /* RMAPI.m */; };
		CFAFD7D010F2E9C9003892C0 /* CoreData.framework in Frameworks */ = {isa = PBXBuildFile; fileRef = CFAFD7CF10F2E9C9003892C0 /* CoreData.framework */; };
		CFAFD9FE10F30EDD003892C0 /* Settings.bundle in Resources */ = {isa = PBXBuildFile; fileRef = CFAFD9FD10F30EDD003892C0 /* Settings.bundle */; };
		CFC16E6910F5722B007C2A4B /* IssueJournal.m in Sources */ = {isa = PBXBuildFile; fileRef = CFC16E6810F5722B007C2A4B /* IssueJournal.m */; };
		CFC16F3510F58742007C2A4B /* rmine.png in Resources */ = {isa = PBXBuildFile; fileRef = CFC16F3410F58742007C2A4B /* rmine.png */; };
		CFC16F6410F593A5007C2A4B /* IssueJournalCell.xib in Resources */ = {isa = PBXBuildFile; fileRef = CFC16F6310F593A5007C2A4B /* IssueJournalCell.xib */; };
		CFC16F6810F593D7007C2A4B /* IssueJournalCell.m in Sources */ = {isa = PBXBuildFile; fileRef = CFC16F6710F593D7007C2A4B /* IssueJournalCell.m */; };
		CFC16F9710F599EF007C2A4B /* TextViewController.m in Sources */ = {isa = PBXBuildFile; fileRef = CFC16F9510F599EF007C2A4B /* TextViewController.m */; };
		CFC16F9810F599EF007C2A4B /* TextViewController.xib in Resources */ = {isa = PBXBuildFile; fileRef = CFC16F9610F599EF007C2A4B /* TextViewController.xib */; };
		CFC1707F10F5B7BE007C2A4B /* IssuesTabController.m in Sources */ = {isa = PBXBuildFile; fileRef = CFC1707E10F5B7BE007C2A4B /* IssuesTabController.m */; };
		CFC1709810F5B957007C2A4B /* IssuesTabTableController.m in Sources */ = {isa = PBXBuildFile; fileRef = CFC1709710F5B957007C2A4B /* IssuesTabTableController.m */; };
/* End PBXBuildFile section */

/* Begin PBXFileReference section */
		1D30AB110D05D00D00671497 /* Foundation.framework */ = {isa = PBXFileReference; lastKnownFileType = wrapper.framework; name = Foundation.framework; path = System/Library/Frameworks/Foundation.framework; sourceTree = SDKROOT; };
		1D3623240D0F684500981E51 /* RMineAppDelegate.h */ = {isa = PBXFileReference; fileEncoding = 4; lastKnownFileType = sourcecode.c.h; path = RMineAppDelegate.h; sourceTree = "<group>"; };
		1D3623250D0F684500981E51 /* RMineAppDelegate.m */ = {isa = PBXFileReference; fileEncoding = 4; lastKnownFileType = sourcecode.c.objc; path = RMineAppDelegate.m; sourceTree = "<group>"; };
		1D6058910D05DD3D006BFB54 /* RMine.app */ = {isa = PBXFileReference; explicitFileType = wrapper.application; includeInIndex = 0; path = RMine.app; sourceTree = BUILT_PRODUCTS_DIR; };
		1DF5F4DF0D08C38300B7A737 /* UIKit.framework */ = {isa = PBXFileReference; lastKnownFileType = wrapper.framework; name = UIKit.framework; path = System/Library/Frameworks/UIKit.framework; sourceTree = SDKROOT; };
		28216C950DB411BC00E5133A /* ActivityUpdatesController.h */ = {isa = PBXFileReference; fileEncoding = 4; lastKnownFileType = sourcecode.c.h; path = ActivityUpdatesController.h; sourceTree = "<group>"; };
		28216C960DB411BC00E5133A /* ActivityUpdatesController.m */ = {isa = PBXFileReference; fileEncoding = 4; lastKnownFileType = sourcecode.c.objc; path = ActivityUpdatesController.m; sourceTree = "<group>"; };
		288765070DF74369002DB57D /* CoreGraphics.framework */ = {isa = PBXFileReference; lastKnownFileType = wrapper.framework; name = CoreGraphics.framework; path = System/Library/Frameworks/CoreGraphics.framework; sourceTree = SDKROOT; };
		28A0AB4B0D9B1048005BE974 /* RMine_Prefix.pch */ = {isa = PBXFileReference; fileEncoding = 4; lastKnownFileType = sourcecode.c.h; path = RMine_Prefix.pch; sourceTree = "<group>"; };
		29B97316FDCFA39411CA2CEA /* main.m */ = {isa = PBXFileReference; fileEncoding = 4; lastKnownFileType = sourcecode.c.objc; path = main.m; sourceTree = "<group>"; };
		8D1107310486CEB800E47090 /* RMine-Info.plist */ = {isa = PBXFileReference; fileEncoding = 4; lastKnownFileType = text.plist.xml; path = "RMine-Info.plist"; plistStructureDefinitionIdentifier = "com.apple.xcode.plist.structure-definition.iphone.info-plist"; sourceTree = "<group>"; };
		CF2C142A10F8043B00B5E07F /* IssuesTabCell.h */ = {isa = PBXFileReference; fileEncoding = 4; lastKnownFileType = sourcecode.c.h; path = IssuesTabCell.h; sourceTree = "<group>"; };
		CF2C142B10F8043B00B5E07F /* IssuesTabCell.m */ = {isa = PBXFileReference; fileEncoding = 4; lastKnownFileType = sourcecode.c.objc; path = IssuesTabCell.m; sourceTree = "<group>"; };
		CF2C143010F8044B00B5E07F /* IssuesTabCell.xib */ = {isa = PBXFileReference; lastKnownFileType = file.xib; path = IssuesTabCell.xib; sourceTree = "<group>"; };
		CF53876D10F415CF00048294 /* ActivityUpdate.h */ = {isa = PBXFileReference; fileEncoding = 4; lastKnownFileType = sourcecode.c.h; path = ActivityUpdate.h; sourceTree = "<group>"; };
		CF53876E10F415CF00048294 /* ActivityUpdate.m */ = {isa = PBXFileReference; fileEncoding = 4; lastKnownFileType = sourcecode.c.objc; path = ActivityUpdate.m; sourceTree = "<group>"; };
		CF53876F10F415CF00048294 /* Issue.h */ = {isa = PBXFileReference; fileEncoding = 4; lastKnownFileType = sourcecode.c.h; path = Issue.h; sourceTree = "<group>"; };
		CF53877010F415CF00048294 /* Issue.m */ = {isa = PBXFileReference; fileEncoding = 4; lastKnownFileType = sourcecode.c.objc; path = Issue.m; sourceTree = "<group>"; };
		CF53887010F43ADD00048294 /* ActivityTableCell.h */ = {isa = PBXFileReference; fileEncoding = 4; lastKnownFileType = sourcecode.c.h; path = ActivityTableCell.h; sourceTree = "<group>"; };
		CF53887110F43ADD00048294 /* ActivityTableCell.m */ = {isa = PBXFileReference; fileEncoding = 4; lastKnownFileType = sourcecode.c.objc; path = ActivityTableCell.m; sourceTree = "<group>"; };
		CF53887310F43C3900048294 /* ActivityTableCell.xib */ = {isa = PBXFileReference; lastKnownFileType = file.xib; path = ActivityTableCell.xib; sourceTree = "<group>"; };
		CF5388E210F44C4A00048294 /* GravatarLoader.h */ = {isa = PBXFileReference; fileEncoding = 4; lastKnownFileType = sourcecode.c.h; path = GravatarLoader.h; sourceTree = "<group>"; };
		CF5388E310F44C4A00048294 /* GravatarLoader.m */ = {isa = PBXFileReference; fileEncoding = 4; lastKnownFileType = sourcecode.c.objc; path = GravatarLoader.m; sourceTree = "<group>"; };
		CF56988D1108D2B00063A1A4 /* CXMLDocument_CreationExtensions.h */ = {isa = PBXFileReference; fileEncoding = 4; lastKnownFileType = sourcecode.c.h; path = CXMLDocument_CreationExtensions.h; sourceTree = "<group>"; };
		CF56988E1108D2B00063A1A4 /* CXMLDocument_CreationExtensions.m */ = {isa = PBXFileReference; fileEncoding = 4; lastKnownFileType = sourcecode.c.objc; path = CXMLDocument_CreationExtensions.m; sourceTree = "<group>"; };
		CF56988F1108D2B00063A1A4 /* CXMLNode_CreationExtensions.h */ = {isa = PBXFileReference; fileEncoding = 4; lastKnownFileType = sourcecode.c.h; path = CXMLNode_CreationExtensions.h; sourceTree = "<group>"; };
		CF5698901108D2B00063A1A4 /* CXMLNode_CreationExtensions.m */ = {isa = PBXFileReference; fileEncoding = 4; lastKnownFileType = sourcecode.c.objc; path = CXMLNode_CreationExtensions.m; sourceTree = "<group>"; };
		CF5698911108D2B00063A1A4 /* CXMLDocument_PrivateExtensions.h */ = {isa = PBXFileReference; fileEncoding = 4; lastKnownFileType = sourcecode.c.h; name = CXMLDocument_PrivateExtensions.h; path = Lib/CXMLDocument_PrivateExtensions.h; sourceTree = "<group>"; };
		CF5698921108D2B00063A1A4 /* CXMLDocument_PrivateExtensions.m */ = {isa = PBXFileReference; fileEncoding = 4; lastKnownFileType = sourcecode.c.objc; name = CXMLDocument_PrivateExtensions.m; path = Lib/CXMLDocument_PrivateExtensions.m; sourceTree = "<group>"; };
		CF5698931108D2B00063A1A4 /* CXMLDocument.h */ = {isa = PBXFileReference; fileEncoding = 4; lastKnownFileType = sourcecode.c.h; name = CXMLDocument.h; path = Lib/CXMLDocument.h; sourceTree = "<group>"; };
		CF5698941108D2B00063A1A4 /* CXMLDocument.m */ = {isa = PBXFileReference; fileEncoding = 4; lastKnownFileType = sourcecode.c.objc; name = CXMLDocument.m; path = Lib/CXMLDocument.m; sourceTree = "<group>"; };
		CF5698951108D2B00063A1A4 /* CXMLElement_CreationExtensions.h */ = {isa = PBXFileReference; fileEncoding = 4; lastKnownFileType = sourcecode.c.h; name = CXMLElement_CreationExtensions.h; path = Lib/CXMLElement_CreationExtensions.h; sourceTree = "<group>"; };
		CF5698961108D2B00063A1A4 /* CXMLElement_CreationExtensions.m */ = {isa = PBXFileReference; fileEncoding = 4; lastKnownFileType = sourcecode.c.objc; name = CXMLElement_CreationExtensions.m; path = Lib/CXMLElement_CreationExtensions.m; sourceTree = "<group>"; };
		CF5698971108D2B00063A1A4 /* CXMLElement_ElementTreeExtensions.h */ = {isa = PBXFileReference; fileEncoding = 4; lastKnownFileType = sourcecode.c.h; name = CXMLElement_ElementTreeExtensions.h; path = Lib/CXMLElement_ElementTreeExtensions.h; sourceTree = "<group>"; };
		CF5698981108D2B00063A1A4 /* CXMLElement_ElementTreeExtensions.m */ = {isa = PBXFileReference; fileEncoding = 4; lastKnownFileType = sourcecode.c.objc; name = CXMLElement_ElementTreeExtensions.m; path = Lib/CXMLElement_ElementTreeExtensions.m; sourceTree = "<group>"; };
		CF5698991108D2B00063A1A4 /* CXMLElement.h */ = {isa = PBXFileReference; fileEncoding = 4; lastKnownFileType = sourcecode.c.h; name = CXMLElement.h; path = Lib/CXMLElement.h; sourceTree = "<group>"; };
		CF56989A1108D2B00063A1A4 /* CXMLElement.m */ = {isa = PBXFileReference; fileEncoding = 4; lastKnownFileType = sourcecode.c.objc; name = CXMLElement.m; path = Lib/CXMLElement.m; sourceTree = "<group>"; };
		CF56989B1108D2B00063A1A4 /* CXMLNode_PrivateExtensions.h */ = {isa = PBXFileReference; fileEncoding = 4; lastKnownFileType = sourcecode.c.h; name = CXMLNode_PrivateExtensions.h; path = Lib/CXMLNode_PrivateExtensions.h; sourceTree = "<group>"; };
		CF56989C1108D2B00063A1A4 /* CXMLNode_PrivateExtensions.m */ = {isa = PBXFileReference; fileEncoding = 4; lastKnownFileType = sourcecode.c.objc; name = CXMLNode_PrivateExtensions.m; path = Lib/CXMLNode_PrivateExtensions.m; sourceTree = "<group>"; };
		CF56989D1108D2B00063A1A4 /* CXMLNode_XPathExtensions.h */ = {isa = PBXFileReference; fileEncoding = 4; lastKnownFileType = sourcecode.c.h; name = CXMLNode_XPathExtensions.h; path = Lib/CXMLNode_XPathExtensions.h; sourceTree = "<group>"; };
		CF56989E1108D2B00063A1A4 /* CXMLNode_XPathExtensions.m */ = {isa = PBXFileReference; fileEncoding = 4; lastKnownFileType = sourcecode.c.objc; name = CXMLNode_XPathExtensions.m; path = Lib/CXMLNode_XPathExtensions.m; sourceTree = "<group>"; };
		CF56989F1108D2B00063A1A4 /* CXMLNode.h */ = {isa = PBXFileReference; fileEncoding = 4; lastKnownFileType = sourcecode.c.h; name = CXMLNode.h; path = Lib/CXMLNode.h; sourceTree = "<group>"; };
		CF5698A01108D2B00063A1A4 /* CXMLNode.m */ = {isa = PBXFileReference; fileEncoding = 4; lastKnownFileType = sourcecode.c.objc; name = CXMLNode.m; path = Lib/CXMLNode.m; sourceTree = "<group>"; };
		CF5698A11108D2B00063A1A4 /* JSON.h */ = {isa = PBXFileReference; fileEncoding = 4; lastKnownFileType = sourcecode.c.h; name = JSON.h; path = Lib/JSON.h; sourceTree = "<group>"; };
		CF5698A21108D2B00063A1A4 /* MREntitiesConverter.h */ = {isa = PBXFileReference; fileEncoding = 4; lastKnownFileType = sourcecode.c.h; name = MREntitiesConverter.h; path = Lib/MREntitiesConverter.h; sourceTree = "<group>"; };
		CF5698A31108D2B00063A1A4 /* MREntitiesConverter.m */ = {isa = PBXFileReference; fileEncoding = 4; lastKnownFileType = sourcecode.c.objc; name = MREntitiesConverter.m; path = Lib/MREntitiesConverter.m; sourceTree = "<group>"; };
		CF5698A41108D2B00063A1A4 /* NSObject+SBJSON.h */ = {isa = PBXFileReference; fileEncoding = 4; lastKnownFileType = sourcecode.c.h; name = "NSObject+SBJSON.h"; path = "Lib/NSObject+SBJSON.h"; sourceTree = "<group>"; };
		CF5698A51108D2B00063A1A4 /* NSObject+SBJSON.m */ = {isa = PBXFileReference; fileEncoding = 4; lastKnownFileType = sourcecode.c.objc; name = "NSObject+SBJSON.m"; path = "Lib/NSObject+SBJSON.m"; sourceTree = "<group>"; };
		CF5698A61108D2B00063A1A4 /* NSString+SBJSON.h */ = {isa = PBXFileReference; fileEncoding = 4; lastKnownFileType = sourcecode.c.h; name = "NSString+SBJSON.h"; path = "Lib/NSString+SBJSON.h"; sourceTree = "<group>"; };
		CF5698A71108D2B00063A1A4 /* NSString+SBJSON.m */ = {isa = PBXFileReference; fileEncoding = 4; lastKnownFileType = sourcecode.c.objc; name = "NSString+SBJSON.m"; path = "Lib/NSString+SBJSON.m"; sourceTree = "<group>"; };
		CF5698A81108D2B00063A1A4 /* SBJSON.h */ = {isa = PBXFileReference; fileEncoding = 4; lastKnownFileType = sourcecode.c.h; name = SBJSON.h; path = Lib/SBJSON.h; sourceTree = "<group>"; };
		CF5698A91108D2B00063A1A4 /* SBJSON.m */ = {isa = PBXFileReference; fileEncoding = 4; lastKnownFileType = sourcecode.c.objc; name = SBJSON.m; path = Lib/SBJSON.m; sourceTree = "<group>"; };
		CF5698AA1108D2B00063A1A4 /* SBJsonBase.h */ = {isa = PBXFileReference; fileEncoding = 4; lastKnownFileType = sourcecode.c.h; name = SBJsonBase.h; path = Lib/SBJsonBase.h; sourceTree = "<group>"; };
		CF5698AB1108D2B00063A1A4 /* SBJsonBase.m */ = {isa = PBXFileReference; fileEncoding = 4; lastKnownFileType = sourcecode.c.objc; name = SBJsonBase.m; path = Lib/SBJsonBase.m; sourceTree = "<group>"; };
		CF5698AC1108D2B00063A1A4 /* SBJsonParser.h */ = {isa = PBXFileReference; fileEncoding = 4; lastKnownFileType = sourcecode.c.h; name = SBJsonParser.h; path = Lib/SBJsonParser.h; sourceTree = "<group>"; };
		CF5698AD1108D2B00063A1A4 /* SBJsonParser.m */ = {isa = PBXFileReference; fileEncoding = 4; lastKnownFileType = sourcecode.c.objc; name = SBJsonParser.m; path = Lib/SBJsonParser.m; sourceTree = "<group>"; };
		CF5698AE1108D2B00063A1A4 /* SBJsonWriter.h */ = {isa = PBXFileReference; fileEncoding = 4; lastKnownFileType = sourcecode.c.h; name = SBJsonWriter.h; path = Lib/SBJsonWriter.h; sourceTree = "<group>"; };
		CF5698AF1108D2B00063A1A4 /* SBJsonWriter.m */ = {isa = PBXFileReference; fileEncoding = 4; lastKnownFileType = sourcecode.c.objc; name = SBJsonWriter.m; path = Lib/SBJsonWriter.m; sourceTree = "<group>"; };
		CF5698B11108D2B00063A1A4 /* CTidy.h */ = {isa = PBXFileReference; fileEncoding = 4; lastKnownFileType = sourcecode.c.h; path = CTidy.h; sourceTree = "<group>"; };
		CF5698B21108D2B00063A1A4 /* CTidy.m */ = {isa = PBXFileReference; fileEncoding = 4; lastKnownFileType = sourcecode.c.objc; path = CTidy.m; sourceTree = "<group>"; };
		CF5698B31108D2B00063A1A4 /* TouchXML.h */ = {isa = PBXFileReference; fileEncoding = 4; lastKnownFileType = sourcecode.c.h; name = TouchXML.h; path = Lib/TouchXML.h; sourceTree = "<group>"; };
		CF64ED8310F2B82A00FFFDD2 /* ActivityUpdateTableController.h */ = {isa = PBXFileReference; fileEncoding = 4; lastKnownFileType = sourcecode.c.h; path = ActivityUpdateTableController.h; sourceTree = "<group>"; };
		CF64ED8410F2B82A00FFFDD2 /* ActivityUpdateTableController.m */ = {isa = PBXFileReference; fileEncoding = 4; lastKnownFileType = sourcecode.c.objc; path = ActivityUpdateTableController.m; sourceTree = "<group>"; };
		CF84665C10F46F290085A5AE /* IssueController.h */ = {isa = PBXFileReference; fileEncoding = 4; lastKnownFileType = sourcecode.c.h; path = IssueController.h; sourceTree = "<group>"; };
		CF84665D10F46F290085A5AE /* IssueController.m */ = {isa = PBXFileReference; fileEncoding = 4; lastKnownFileType = sourcecode.c.objc; path = IssueController.m; sourceTree = "<group>"; };
		CF84665E10F46F290085A5AE /* IssueController.xib */ = {isa = PBXFileReference; lastKnownFileType = file.xib; name = IssueController.xib; path = Classes/IssueController.xib; sourceTree = "<group>"; };
		CFA44DA6110A169F009F8551 /* IASKAppSettingsViewController.h */ = {isa = PBXFileReference; fileEncoding = 4; lastKnownFileType = sourcecode.c.h; path = IASKAppSettingsViewController.h; sourceTree = "<group>"; };
		CFA44DA7110A169F009F8551 /* IASKAppSettingsViewController.m */ = {isa = PBXFileReference; fileEncoding = 4; lastKnownFileType = sourcecode.c.objc; path = IASKAppSettingsViewController.m; sourceTree = "<group>"; };
		CFA44DA8110A169F009F8551 /* IASKSpecifierValuesViewController.h */ = {isa = PBXFileReference; fileEncoding = 4; lastKnownFileType = sourcecode.c.h; path = IASKSpecifierValuesViewController.h; sourceTree = "<group>"; };
		CFA44DA9110A169F009F8551 /* IASKSpecifierValuesViewController.m */ = {isa = PBXFileReference; fileEncoding = 4; lastKnownFileType = sourcecode.c.objc; path = IASKSpecifierValuesViewController.m; sourceTree = "<group>"; };
		CFA44DAB110A169F009F8551 /* IASKSettingsReader.h */ = {isa = PBXFileReference; fileEncoding = 4; lastKnownFileType = sourcecode.c.h; path = IASKSettingsReader.h; sourceTree = "<group>"; };
		CFA44DAC110A169F009F8551 /* IASKSettingsReader.m */ = {isa = PBXFileReference; fileEncoding = 4; lastKnownFileType = sourcecode.c.objc; path = IASKSettingsReader.m; sourceTree = "<group>"; };
		CFA44DAD110A169F009F8551 /* IASKSpecifier.h */ = {isa = PBXFileReference; fileEncoding = 4; lastKnownFileType = sourcecode.c.h; path = IASKSpecifier.h; sourceTree = "<group>"; };
		CFA44DAE110A169F009F8551 /* IASKSpecifier.m */ = {isa = PBXFileReference; fileEncoding = 4; lastKnownFileType = sourcecode.c.objc; path = IASKSpecifier.m; sourceTree = "<group>"; };
		CFA44DB0110A169F009F8551 /* IASKPSSliderSpecifierViewCell.h */ = {isa = PBXFileReference; fileEncoding = 4; lastKnownFileType = sourcecode.c.h; path = IASKPSSliderSpecifierViewCell.h; sourceTree = "<group>"; };
		CFA44DB1110A169F009F8551 /* IASKPSSliderSpecifierViewCell.m */ = {isa = PBXFileReference; fileEncoding = 4; lastKnownFileType = sourcecode.c.objc; path = IASKPSSliderSpecifierViewCell.m; sourceTree = "<group>"; };
		CFA44DB2110A169F009F8551 /* IASKPSTextFieldSpecifierViewCell.h */ = {isa = PBXFileReference; fileEncoding = 4; lastKnownFileType = sourcecode.c.h; path = IASKPSTextFieldSpecifierViewCell.h; sourceTree = "<group>"; };
		CFA44DB3110A169F009F8551 /* IASKPSTextFieldSpecifierViewCell.m */ = {isa = PBXFileReference; fileEncoding = 4; lastKnownFileType = sourcecode.c.objc; path = IASKPSTextFieldSpecifierViewCell.m; sourceTree = "<group>"; };
		CFA44DB4110A169F009F8551 /* IASKPSToggleSwitchSpecifierViewCell.h */ = {isa = PBXFileReference; fileEncoding = 4; lastKnownFileType = sourcecode.c.h; path = IASKPSToggleSwitchSpecifierViewCell.h; sourceTree = "<group>"; };
		CFA44DB5110A169F009F8551 /* IASKPSToggleSwitchSpecifierViewCell.m */ = {isa = PBXFileReference; fileEncoding = 4; lastKnownFileType = sourcecode.c.objc; path = IASKPSToggleSwitchSpecifierViewCell.m; sourceTree = "<group>"; };
		CFA44DB6110A169F009F8551 /* IASKSlider.h */ = {isa = PBXFileReference; fileEncoding = 4; lastKnownFileType = sourcecode.c.h; path = IASKSlider.h; sourceTree = "<group>"; };
		CFA44DB7110A169F009F8551 /* IASKSlider.m */ = {isa = PBXFileReference; fileEncoding = 4; lastKnownFileType = sourcecode.c.objc; path = IASKSlider.m; sourceTree = "<group>"; };
		CFA44DB8110A169F009F8551 /* IASKSwitch.h */ = {isa = PBXFileReference; fileEncoding = 4; lastKnownFileType = sourcecode.c.h; path = IASKSwitch.h; sourceTree = "<group>"; };
		CFA44DB9110A169F009F8551 /* IASKSwitch.m */ = {isa = PBXFileReference; fileEncoding = 4; lastKnownFileType = sourcecode.c.objc; path = IASKSwitch.m; sourceTree = "<group>"; };
		CFA44DBA110A169F009F8551 /* IASKTextField.h */ = {isa = PBXFileReference; fileEncoding = 4; lastKnownFileType = sourcecode.c.h; path = IASKTextField.h; sourceTree = "<group>"; };
		CFA44DBB110A169F009F8551 /* IASKTextField.m */ = {isa = PBXFileReference; fileEncoding = 4; lastKnownFileType = sourcecode.c.objc; path = IASKTextField.m; sourceTree = "<group>"; };
		CFA44DBD110A169F009F8551 /* IASKAppSettingsView.xib */ = {isa = PBXFileReference; lastKnownFileType = file.xib; path = IASKAppSettingsView.xib; sourceTree = "<group>"; };
		CFA44DBE110A169F009F8551 /* IASKPSSliderSpecifierViewCell.xib */ = {isa = PBXFileReference; lastKnownFileType = file.xib; path = IASKPSSliderSpecifierViewCell.xib; sourceTree = "<group>"; };
		CFA44DBF110A169F009F8551 /* IASKPSTextFieldSpecifierViewCell.xib */ = {isa = PBXFileReference; lastKnownFileType = file.xib; path = IASKPSTextFieldSpecifierViewCell.xib; sourceTree = "<group>"; };
		CFA44DC0110A169F009F8551 /* IASKPSToggleSwitchSpecifierViewCell.xib */ = {isa = PBXFileReference; lastKnownFileType = file.xib; path = IASKPSToggleSwitchSpecifierViewCell.xib; sourceTree = "<group>"; };
		CFA44DC1110A169F009F8551 /* IASKSpecifierValuesView.xib */ = {isa = PBXFileReference; lastKnownFileType = file.xib; path = IASKSpecifierValuesView.xib; sourceTree = "<group>"; };
		CFAFD78A10F2E4AC003892C0 /* RMine.xcdatamodel */ = {isa = PBXFileReference; fileEncoding = 4; lastKnownFileType = wrapper.xcdatamodel; path = RMine.xcdatamodel; sourceTree = "<group>"; };
		CFAFD79C10F2E6EA003892C0 /* RMAPI.h */ = {isa = PBXFileReference; fileEncoding = 4; lastKnownFileType = sourcecode.c.h; path = RMAPI.h; sourceTree = "<group>"; };
		CFAFD79D10F2E6EA003892C0 /* RMAPI.m */ = {isa = PBXFileReference; fileEncoding = 4; lastKnownFileType = sourcecode.c.objc; path = RMAPI.m; sourceTree = "<group>"; };
		CFAFD7CF10F2E9C9003892C0 /* CoreData.framework */ = {isa = PBXFileReference; lastKnownFileType = wrapper.framework; name = CoreData.framework; path = /System/Library/Frameworks/CoreData.framework; sourceTree = "<absolute>"; };
		CFAFD9FD10F30EDD003892C0 /* Settings.bundle */ = {isa = PBXFileReference; lastKnownFileType = "wrapper.plug-in"; path = Settings.bundle; sourceTree = "<group>"; };
		CFC16E6710F5722B007C2A4B /* IssueJournal.h */ = {isa = PBXFileReference; fileEncoding = 4; lastKnownFileType = sourcecode.c.h; path = IssueJournal.h; sourceTree = "<group>"; };
		CFC16E6810F5722B007C2A4B /* IssueJournal.m */ = {isa = PBXFileReference; fileEncoding = 4; lastKnownFileType = sourcecode.c.objc; path = IssueJournal.m; sourceTree = "<group>"; };
		CFC16F3410F58742007C2A4B /* rmine.png */ = {isa = PBXFileReference; lastKnownFileType = image.png; path = rmine.png; sourceTree = "<group>"; };
		CFC16F6310F593A5007C2A4B /* IssueJournalCell.xib */ = {isa = PBXFileReference; lastKnownFileType = file.xib; path = IssueJournalCell.xib; sourceTree = "<group>"; };
		CFC16F6610F593D7007C2A4B /* IssueJournalCell.h */ = {isa = PBXFileReference; fileEncoding = 4; lastKnownFileType = sourcecode.c.h; path = IssueJournalCell.h; sourceTree = "<group>"; };
		CFC16F6710F593D7007C2A4B /* IssueJournalCell.m */ = {isa = PBXFileReference; fileEncoding = 4; lastKnownFileType = sourcecode.c.objc; path = IssueJournalCell.m; sourceTree = "<group>"; };
		CFC16F9410F599EF007C2A4B /* TextViewController.h */ = {isa = PBXFileReference; fileEncoding = 4; lastKnownFileType = sourcecode.c.h; path = TextViewController.h; sourceTree = "<group>"; };
		CFC16F9510F599EF007C2A4B /* TextViewController.m */ = {isa = PBXFileReference; fileEncoding = 4; lastKnownFileType = sourcecode.c.objc; path = TextViewController.m; sourceTree = "<group>"; };
		CFC16F9610F599EF007C2A4B /* TextViewController.xib */ = {isa = PBXFileReference; lastKnownFileType = file.xib; name = TextViewController.xib; path = Classes/TextViewController.xib; sourceTree = "<group>"; };
		CFC1707D10F5B7BE007C2A4B /* IssuesTabController.h */ = {isa = PBXFileReference; fileEncoding = 4; lastKnownFileType = sourcecode.c.h; path = IssuesTabController.h; sourceTree = "<group>"; };
		CFC1707E10F5B7BE007C2A4B /* IssuesTabController.m */ = {isa = PBXFileReference; fileEncoding = 4; lastKnownFileType = sourcecode.c.objc; path = IssuesTabController.m; sourceTree = "<group>"; };
		CFC1709610F5B957007C2A4B /* IssuesTabTableController.h */ = {isa = PBXFileReference; fileEncoding = 4; lastKnownFileType = sourcecode.c.h; path = IssuesTabTableController.h; sourceTree = "<group>"; };
		CFC1709710F5B957007C2A4B /* IssuesTabTableController.m */ = {isa = PBXFileReference; fileEncoding = 4; lastKnownFileType = sourcecode.c.objc; path = IssuesTabTableController.m; sourceTree = "<group>"; };
/* End PBXFileReference section */

/* Begin PBXFrameworksBuildPhase section */
		1D60588F0D05DD3D006BFB54 /* Frameworks */ = {
			isa = PBXFrameworksBuildPhase;
			buildActionMask = 2147483647;
			files = (
				1D60589F0D05DD5A006BFB54 /* Foundation.framework in Frameworks */,
				1DF5F4E00D08C38300B7A737 /* UIKit.framework in Frameworks */,
				288765080DF74369002DB57D /* CoreGraphics.framework in Frameworks */,
				CFAFD7D010F2E9C9003892C0 /* CoreData.framework in Frameworks */,
			);
			runOnlyForDeploymentPostprocessing = 0;
		};
/* End PBXFrameworksBuildPhase section */

/* Begin PBXGroup section */
		080E96DDFE201D6D7F000001 /* Classes */ = {
			isa = PBXGroup;
			children = (
				CF5388E210F44C4A00048294 /* GravatarLoader.h */,
				CF5388E310F44C4A00048294 /* GravatarLoader.m */,
				CF53876D10F415CF00048294 /* ActivityUpdate.h */,
				CF53876E10F415CF00048294 /* ActivityUpdate.m */,
				CF53876F10F415CF00048294 /* Issue.h */,
				CF53877010F415CF00048294 /* Issue.m */,
				28216C950DB411BC00E5133A /* ActivityUpdatesController.h */,
				28216C960DB411BC00E5133A /* ActivityUpdatesController.m */,
				CFC1707D10F5B7BE007C2A4B /* IssuesTabController.h */,
				CFC1707E10F5B7BE007C2A4B /* IssuesTabController.m */,
				CFC1709610F5B957007C2A4B /* IssuesTabTableController.h */,
				CFC1709710F5B957007C2A4B /* IssuesTabTableController.m */,
				1D3623240D0F684500981E51 /* RMineAppDelegate.h */,
				1D3623250D0F684500981E51 /* RMineAppDelegate.m */,
				CF64ED8310F2B82A00FFFDD2 /* ActivityUpdateTableController.h */,
				CF64ED8410F2B82A00FFFDD2 /* ActivityUpdateTableController.m */,
				CFAFD79C10F2E6EA003892C0 /* RMAPI.h */,
				CFAFD79D10F2E6EA003892C0 /* RMAPI.m */,
				CF53887010F43ADD00048294 /* ActivityTableCell.h */,
				CF53887110F43ADD00048294 /* ActivityTableCell.m */,
				CF84665C10F46F290085A5AE /* IssueController.h */,
				CF84665D10F46F290085A5AE /* IssueController.m */,
				CFC16E6710F5722B007C2A4B /* IssueJournal.h */,
				CFC16E6810F5722B007C2A4B /* IssueJournal.m */,
				CFC16F6610F593D7007C2A4B /* IssueJournalCell.h */,
				CFC16F6710F593D7007C2A4B /* IssueJournalCell.m */,
				CFC16F9410F599EF007C2A4B /* TextViewController.h */,
				CFC16F9510F599EF007C2A4B /* TextViewController.m */,
				CF2C142A10F8043B00B5E07F /* IssuesTabCell.h */,
				CF2C142B10F8043B00B5E07F /* IssuesTabCell.m */,
			);
			path = Classes;
			sourceTree = "<group>";
		};
		19C28FACFE9D520D11CA2CBB /* Products */ = {
			isa = PBXGroup;
			children = (
				1D6058910D05DD3D006BFB54 /* RMine.app */,
			);
			name = Products;
			sourceTree = "<group>";
		};
		29B97314FDCFA39411CA2CEA /* RMine */ = {
			isa = PBXGroup;
			children = (
				CFAFD6D510F2D13C003892C0 /* Lib */,
				080E96DDFE201D6D7F000001 /* Classes */,
				29B97315FDCFA39411CA2CEA /* Other Sources */,
				29B97317FDCFA39411CA2CEA /* Resources */,
				29B97323FDCFA39411CA2CEA /* Frameworks */,
				19C28FACFE9D520D11CA2CBB /* Products */,
			);
			name = RMine;
			sourceTree = "<group>";
		};
		29B97315FDCFA39411CA2CEA /* Other Sources */ = {
			isa = PBXGroup;
			children = (
				28A0AB4B0D9B1048005BE974 /* RMine_Prefix.pch */,
				29B97316FDCFA39411CA2CEA /* main.m */,
			);
			name = "Other Sources";
			sourceTree = "<group>";
		};
		29B97317FDCFA39411CA2CEA /* Resources */ = {
			isa = PBXGroup;
			children = (
				CFC16F9610F599EF007C2A4B /* TextViewController.xib */,
				CFC16F3410F58742007C2A4B /* rmine.png */,
				8D1107310486CEB800E47090 /* RMine-Info.plist */,
				CFAFD78A10F2E4AC003892C0 /* RMine.xcdatamodel */,
				CFAFD9FD10F30EDD003892C0 /* Settings.bundle */,
				CF53887310F43C3900048294 /* ActivityTableCell.xib */,
				CF84665E10F46F290085A5AE /* IssueController.xib */,
				CFC16F6310F593A5007C2A4B /* IssueJournalCell.xib */,
				CF2C143010F8044B00B5E07F /* IssuesTabCell.xib */,
			);
			name = Resources;
			sourceTree = "<group>";
		};
		29B97323FDCFA39411CA2CEA /* Frameworks */ = {
			isa = PBXGroup;
			children = (
				1DF5F4DF0D08C38300B7A737 /* UIKit.framework */,
				1D30AB110D05D00D00671497 /* Foundation.framework */,
				288765070DF74369002DB57D /* CoreGraphics.framework */,
				CFAFD7CF10F2E9C9003892C0 /* CoreData.framework */,
			);
			name = Frameworks;
			sourceTree = "<group>";
		};
		CF56988C1108D2B00063A1A4 /* Creation */ = {
			isa = PBXGroup;
			children = (
				CF56988D1108D2B00063A1A4 /* CXMLDocument_CreationExtensions.h */,
				CF56988E1108D2B00063A1A4 /* CXMLDocument_CreationExtensions.m */,
				CF56988F1108D2B00063A1A4 /* CXMLNode_CreationExtensions.h */,
				CF5698901108D2B00063A1A4 /* CXMLNode_CreationExtensions.m */,
			);
			name = Creation;
			path = Lib/Creation;
			sourceTree = "<group>";
		};
		CF5698B01108D2B00063A1A4 /* Tidy */ = {
			isa = PBXGroup;
			children = (
				CF5698B11108D2B00063A1A4 /* CTidy.h */,
				CF5698B21108D2B00063A1A4 /* CTidy.m */,
			);
			name = Tidy;
			path = Lib/Tidy;
			sourceTree = "<group>";
		};
		CFA44DA4110A169F009F8551 /* InAppSettingsKit */ = {
			isa = PBXGroup;
			children = (
				CFA44DA5110A169F009F8551 /* Controllers */,
				CFA44DAA110A169F009F8551 /* Models */,
				CFA44DAF110A169F009F8551 /* Views */,
				CFA44DBC110A169F009F8551 /* Xibs */,
			);
			name = InAppSettingsKit;
			path = Lib/InAppSettingsKit;
			sourceTree = "<group>";
		};
		CFA44DA5110A169F009F8551 /* Controllers */ = {
			isa = PBXGroup;
			children = (
				CFA44DA6110A169F009F8551 /* IASKAppSettingsViewController.h */,
				CFA44DA7110A169F009F8551 /* IASKAppSettingsViewController.m */,
				CFA44DA8110A169F009F8551 /* IASKSpecifierValuesViewController.h */,
				CFA44DA9110A169F009F8551 /* IASKSpecifierValuesViewController.m */,
			);
			path = Controllers;
			sourceTree = "<group>";
		};
		CFA44DAA110A169F009F8551 /* Models */ = {
			isa = PBXGroup;
			children = (
				CFA44DAB110A169F009F8551 /* IASKSettingsReader.h */,
				CFA44DAC110A169F009F8551 /* IASKSettingsReader.m */,
				CFA44DAD110A169F009F8551 /* IASKSpecifier.h */,
				CFA44DAE110A169F009F8551 /* IASKSpecifier.m */,
			);
			path = Models;
			sourceTree = "<group>";
		};
		CFA44DAF110A169F009F8551 /* Views */ = {
			isa = PBXGroup;
			children = (
				CFA44DB0110A169F009F8551 /* IASKPSSliderSpecifierViewCell.h */,
				CFA44DB1110A169F009F8551 /* IASKPSSliderSpecifierViewCell.m */,
				CFA44DB2110A169F009F8551 /* IASKPSTextFieldSpecifierViewCell.h */,
				CFA44DB3110A169F009F8551 /* IASKPSTextFieldSpecifierViewCell.m */,
				CFA44DB4110A169F009F8551 /* IASKPSToggleSwitchSpecifierViewCell.h */,
				CFA44DB5110A169F009F8551 /* IASKPSToggleSwitchSpecifierViewCell.m */,
				CFA44DB6110A169F009F8551 /* IASKSlider.h */,
				CFA44DB7110A169F009F8551 /* IASKSlider.m */,
				CFA44DB8110A169F009F8551 /* IASKSwitch.h */,
				CFA44DB9110A169F009F8551 /* IASKSwitch.m */,
				CFA44DBA110A169F009F8551 /* IASKTextField.h */,
				CFA44DBB110A169F009F8551 /* IASKTextField.m */,
			);
			path = Views;
			sourceTree = "<group>";
		};
		CFA44DBC110A169F009F8551 /* Xibs */ = {
			isa = PBXGroup;
			children = (
				CFA44DBD110A169F009F8551 /* IASKAppSettingsView.xib */,
				CFA44DBE110A169F009F8551 /* IASKPSSliderSpecifierViewCell.xib */,
				CFA44DBF110A169F009F8551 /* IASKPSTextFieldSpecifierViewCell.xib */,
				CFA44DC0110A169F009F8551 /* IASKPSToggleSwitchSpecifierViewCell.xib */,
				CFA44DC1110A169F009F8551 /* IASKSpecifierValuesView.xib */,
			);
			path = Xibs;
			sourceTree = "<group>";
		};
		CFAFD6D510F2D13C003892C0 /* Lib */ = {
			isa = PBXGroup;
			children = (
				CFA44DA4110A169F009F8551 /* InAppSettingsKit */,
				CF56988C1108D2B00063A1A4 /* Creation */,
				CF5698911108D2B00063A1A4 /* CXMLDocument_PrivateExtensions.h */,
				CF5698921108D2B00063A1A4 /* CXMLDocument_PrivateExtensions.m */,
				CF5698931108D2B00063A1A4 /* CXMLDocument.h */,
				CF5698941108D2B00063A1A4 /* CXMLDocument.m */,
				CF5698951108D2B00063A1A4 /* CXMLElement_CreationExtensions.h */,
				CF5698961108D2B00063A1A4 /* CXMLElement_CreationExtensions.m */,
				CF5698971108D2B00063A1A4 /* CXMLElement_ElementTreeExtensions.h */,
				CF5698981108D2B00063A1A4 /* CXMLElement_ElementTreeExtensions.m */,
				CF5698991108D2B00063A1A4 /* CXMLElement.h */,
				CF56989A1108D2B00063A1A4 /* CXMLElement.m */,
				CF56989B1108D2B00063A1A4 /* CXMLNode_PrivateExtensions.h */,
				CF56989C1108D2B00063A1A4 /* CXMLNode_PrivateExtensions.m */,
				CF56989D1108D2B00063A1A4 /* CXMLNode_XPathExtensions.h */,
				CF56989E1108D2B00063A1A4 /* CXMLNode_XPathExtensions.m */,
				CF56989F1108D2B00063A1A4 /* CXMLNode.h */,
				CF5698A01108D2B00063A1A4 /* CXMLNode.m */,
				CF5698A11108D2B00063A1A4 /* JSON.h */,
				CF5698A21108D2B00063A1A4 /* MREntitiesConverter.h */,
				CF5698A31108D2B00063A1A4 /* MREntitiesConverter.m */,
				CF5698A41108D2B00063A1A4 /* NSObject+SBJSON.h */,
				CF5698A51108D2B00063A1A4 /* NSObject+SBJSON.m */,
				CF5698A61108D2B00063A1A4 /* NSString+SBJSON.h */,
				CF5698A71108D2B00063A1A4 /* NSString+SBJSON.m */,
				CF5698A81108D2B00063A1A4 /* SBJSON.h */,
				CF5698A91108D2B00063A1A4 /* SBJSON.m */,
				CF5698AA1108D2B00063A1A4 /* SBJsonBase.h */,
				CF5698AB1108D2B00063A1A4 /* SBJsonBase.m */,
				CF5698AC1108D2B00063A1A4 /* SBJsonParser.h */,
				CF5698AD1108D2B00063A1A4 /* SBJsonParser.m */,
				CF5698AE1108D2B00063A1A4 /* SBJsonWriter.h */,
				CF5698AF1108D2B00063A1A4 /* SBJsonWriter.m */,
				CF5698B01108D2B00063A1A4 /* Tidy */,
				CF5698B31108D2B00063A1A4 /* TouchXML.h */,
			);
			name = Lib;
			sourceTree = "<group>";
		};
/* End PBXGroup section */

/* Begin PBXNativeTarget section */
		1D6058900D05DD3D006BFB54 /* RMine */ = {
			isa = PBXNativeTarget;
			buildConfigurationList = 1D6058960D05DD3E006BFB54 /* Build configuration list for PBXNativeTarget "RMine" */;
			buildPhases = (
				1D60588D0D05DD3D006BFB54 /* Resources */,
				1D60588E0D05DD3D006BFB54 /* Sources */,
				1D60588F0D05DD3D006BFB54 /* Frameworks */,
			);
			buildRules = (
			);
			dependencies = (
			);
			name = RMine;
			productName = RMine;
			productReference = 1D6058910D05DD3D006BFB54 /* RMine.app */;
			productType = "com.apple.product-type.application";
		};
/* End PBXNativeTarget section */

/* Begin PBXProject section */
		29B97313FDCFA39411CA2CEA /* Project object */ = {
			isa = PBXProject;
			buildConfigurationList = C01FCF4E08A954540054247B /* Build configuration list for PBXProject "RMine" */;
			compatibilityVersion = "Xcode 3.1";
			hasScannedForEncodings = 1;
			mainGroup = 29B97314FDCFA39411CA2CEA /* RMine */;
			projectDirPath = "";
			projectRoot = "";
			targets = (
				1D6058900D05DD3D006BFB54 /* RMine */,
			);
		};
/* End PBXProject section */

/* Begin PBXResourcesBuildPhase section */
		1D60588D0D05DD3D006BFB54 /* Resources */ = {
			isa = PBXResourcesBuildPhase;
			buildActionMask = 2147483647;
			files = (
				CFAFD9FE10F30EDD003892C0 /* Settings.bundle in Resources */,
				CF53887410F43C3900048294 /* ActivityTableCell.xib in Resources */,
				CF84666010F46F290085A5AE /* IssueController.xib in Resources */,
				CFC16F3510F58742007C2A4B /* rmine.png in Resources */,
				CFC16F6410F593A5007C2A4B /* IssueJournalCell.xib in Resources */,
				CFC16F9810F599EF007C2A4B /* TextViewController.xib in Resources */,
				CF2C143110F8044B00B5E07F /* IssuesTabCell.xib in Resources */,
				CFA44DCC110A169F009F8551 /* IASKAppSettingsView.xib in Resources */,
				CFA44DCD110A169F009F8551 /* IASKPSSliderSpecifierViewCell.xib in Resources */,
				CFA44DCE110A169F009F8551 /* IASKPSTextFieldSpecifierViewCell.xib in Resources */,
				CFA44DCF110A169F009F8551 /* IASKPSToggleSwitchSpecifierViewCell.xib in Resources */,
				CFA44DD0110A169F009F8551 /* IASKSpecifierValuesView.xib in Resources */,
			);
			runOnlyForDeploymentPostprocessing = 0;
		};
/* End PBXResourcesBuildPhase section */

/* Begin PBXSourcesBuildPhase section */
		1D60588E0D05DD3D006BFB54 /* Sources */ = {
			isa = PBXSourcesBuildPhase;
			buildActionMask = 2147483647;
			files = (
				1D60589B0D05DD56006BFB54 /* main.m in Sources */,
				1D3623260D0F684500981E51 /* RMineAppDelegate.m in Sources */,
				28216C970DB411BC00E5133A /* ActivityUpdatesController.m in Sources */,
				CF64ED8510F2B82A00FFFDD2 /* ActivityUpdateTableController.m in Sources */,
				CFAFD78B10F2E4AC003892C0 /* RMine.xcdatamodel in Sources */,
				CFAFD79E10F2E6EA003892C0 /* RMAPI.m in Sources */,
				CF53877110F415CF00048294 /* ActivityUpdate.m in Sources */,
				CF53877210F415CF00048294 /* Issue.m in Sources */,
				CF53887210F43ADD00048294 /* ActivityTableCell.m in Sources */,
				CF5388E410F44C4A00048294 /* GravatarLoader.m in Sources */,
				CF84665F10F46F290085A5AE /* IssueController.m in Sources */,
				CFC16E6910F5722B007C2A4B /* IssueJournal.m in Sources */,
				CFC16F6810F593D7007C2A4B /* IssueJournalCell.m in Sources */,
				CFC16F9710F599EF007C2A4B /* TextViewController.m in Sources */,
				CFC1707F10F5B7BE007C2A4B /* IssuesTabController.m in Sources */,
				CFC1709810F5B957007C2A4B /* IssuesTabTableController.m in Sources */,
				CF2C142C10F8043B00B5E07F /* IssuesTabCell.m in Sources */,
				CF5698B41108D2B00063A1A4 /* CXMLDocument_CreationExtensions.m in Sources */,
				CF5698B51108D2B00063A1A4 /* CXMLNode_CreationExtensions.m in Sources */,
				CF5698B61108D2B00063A1A4 /* CXMLDocument_PrivateExtensions.m in Sources */,
				CF5698B71108D2B00063A1A4 /* CXMLDocument.m in Sources */,
				CF5698B81108D2B00063A1A4 /* CXMLElement_CreationExtensions.m in Sources */,
				CF5698B91108D2B00063A1A4 /* CXMLElement_ElementTreeExtensions.m in Sources */,
				CF5698BA1108D2B00063A1A4 /* CXMLElement.m in Sources */,
				CF5698BB1108D2B00063A1A4 /* CXMLNode_PrivateExtensions.m in Sources */,
				CF5698BC1108D2B00063A1A4 /* CXMLNode_XPathExtensions.m in Sources */,
				CF5698BD1108D2B00063A1A4 /* CXMLNode.m in Sources */,
				CF5698BE1108D2B00063A1A4 /* MREntitiesConverter.m in Sources */,
				CF5698BF1108D2B00063A1A4 /* NSObject+SBJSON.m in Sources */,
				CF5698C01108D2B00063A1A4 /* NSString+SBJSON.m in Sources */,
				CF5698C11108D2B00063A1A4 /* SBJSON.m in Sources */,
				CF5698C21108D2B00063A1A4 /* SBJsonBase.m in Sources */,
				CF5698C31108D2B00063A1A4 /* SBJsonParser.m in Sources */,
				CF5698C41108D2B00063A1A4 /* SBJsonWriter.m in Sources */,
				CF5698C51108D2B00063A1A4 /* CTidy.m in Sources */,
				CFA44DC2110A169F009F8551 /* IASKAppSettingsViewController.m in Sources */,
				CFA44DC3110A169F009F8551 /* IASKSpecifierValuesViewController.m in Sources */,
				CFA44DC4110A169F009F8551 /* IASKSettingsReader.m in Sources */,
				CFA44DC5110A169F009F8551 /* IASKSpecifier.m in Sources */,
				CFA44DC6110A169F009F8551 /* IASKPSSliderSpecifierViewCell.m in Sources */,
				CFA44DC7110A169F009F8551 /* IASKPSTextFieldSpecifierViewCell.m in Sources */,
				CFA44DC8110A169F009F8551 /* IASKPSToggleSwitchSpecifierViewCell.m in Sources */,
				CFA44DC9110A169F009F8551 /* IASKSlider.m in Sources */,
				CFA44DCA110A169F009F8551 /* IASKSwitch.m in Sources */,
				CFA44DCB110A169F009F8551 /* IASKTextField.m in Sources */,
			);
			runOnlyForDeploymentPostprocessing = 0;
		};
/* End PBXSourcesBuildPhase section */

/* Begin XCBuildConfiguration section */
		1D6058940D05DD3E006BFB54 /* Debug */ = {
			isa = XCBuildConfiguration;
			buildSettings = {
				ALWAYS_SEARCH_USER_PATHS = NO;
				COPY_PHASE_STRIP = NO;
				GCC_DYNAMIC_NO_PIC = NO;
				GCC_OPTIMIZATION_LEVEL = 0;
				GCC_PRECOMPILE_PREFIX_HEADER = YES;
				GCC_PREFIX_HEADER = RMine_Prefix.pch;
				INFOPLIST_FILE = "RMine-Info.plist";
				PRODUCT_NAME = RMine;
			};
			name = Debug;
		};
		1D6058950D05DD3E006BFB54 /* Release */ = {
			isa = XCBuildConfiguration;
			buildSettings = {
				ALWAYS_SEARCH_USER_PATHS = NO;
				COPY_PHASE_STRIP = YES;
				GCC_PRECOMPILE_PREFIX_HEADER = YES;
				GCC_PREFIX_HEADER = RMine_Prefix.pch;
				INFOPLIST_FILE = "RMine-Info.plist";
				PRODUCT_NAME = RMine;
			};
			name = Release;
		};
		C01FCF4F08A954540054247B /* Debug */ = {
			isa = XCBuildConfiguration;
			buildSettings = {
				ARCHS = "$(ARCHS_STANDARD_32_BIT)";
				"CODE_SIGN_IDENTITY[sdk=iphoneos*]" = "iPhone Developer";
				GCC_C_LANGUAGE_STANDARD = c99;
				GCC_WARN_ABOUT_RETURN_TYPE = YES;
				GCC_WARN_UNUSED_VARIABLE = YES;
				HEADER_SEARCH_PATHS = /usr/include/libxml2;
				OTHER_LDFLAGS = "-lxml2";
				PREBINDING = NO;
				SDKROOT = iphoneos3.1;
			};
			name = Debug;
		};
		C01FCF5008A954540054247B /* Release */ = {
			isa = XCBuildConfiguration;
			buildSettings = {
				ARCHS = "$(ARCHS_STANDARD_32_BIT)";
				"CODE_SIGN_IDENTITY[sdk=iphoneos*]" = "iPhone Developer";
				GCC_C_LANGUAGE_STANDARD = c99;
				GCC_WARN_ABOUT_RETURN_TYPE = YES;
				GCC_WARN_UNUSED_VARIABLE = YES;
				PREBINDING = NO;
				SDKROOT = iphoneos3.1;
			};
			name = Release;
		};
/* End XCBuildConfiguration section */

/* Begin XCConfigurationList section */
		1D6058960D05DD3E006BFB54 /* Build configuration list for PBXNativeTarget "RMine" */ = {
			isa = XCConfigurationList;
			buildConfigurations = (
				1D6058940D05DD3E006BFB54 /* Debug */,
				1D6058950D05DD3E006BFB54 /* Release */,
			);
			defaultConfigurationIsVisible = 0;
			defaultConfigurationName = Release;
		};
		C01FCF4E08A954540054247B /* Build configuration list for PBXProject "RMine" */ = {
			isa = XCConfigurationList;
			buildConfigurations = (
				C01FCF4F08A954540054247B /* Debug */,
				C01FCF5008A954540054247B /* Release */,
			);
			defaultConfigurationIsVisible = 0;
			defaultConfigurationName = Release;
		};
/* End XCConfigurationList section */
	};
	rootObject = 29B97313FDCFA39411CA2CEA /* Project object */;
}
